
Microsoft Visual Studio Solution File, Format Version 12.00
# Visual Studio Version 16
VisualStudioVersion = 16.0.29326.143
MinimumVisualStudioVersion = 10.0.40219.1
Project("{FAE04EC0-301F-11D3-BF4B-00C04F79EFBC}") = "WinFormsCRUD", "WinFormsCRUD\WinFormsCRUD.csproj", "{1DBA62C4-8AF6-4B04-A7D0-D5F702181B98}"
EndProject
Global
	GlobalSection(SolutionConfigurationPlatforms) = preSolution
		Debug|Any CPU = Debug|Any CPU
		Release|Any CPU = Release|Any CPU
	EndGlobalSection
	GlobalSection(ProjectConfigurationPlatforms) = postSolution
		{1DBA62C4-8AF6-4B04-A7D0-D5F702181B98}.Debug|Any CPU.ActiveCfg = Debug|Any CPU
		{1DBA62C4-8AF6-4B04-A7D0-D5F702181B98}.Debug|Any CPU.Build.0 = Debug|Any CPU
		{1DBA62C4-8AF6-4B04-A7D0-D5F702181B98}.Release|Any CPU.ActiveCfg = Release|Any CPU
		{1DBA62C4-8AF6-4B04-A7D0-D5F702181B98}.Release|Any CPU.Build.0 = Release|Any CPU
	EndGlobalSection
	GlobalSection(SolutionProperties) = preSolution
		HideSolutionNode = FALSE
	EndGlobalSection
	GlobalSection(ExtensibilityGlobals) = postSolution
		SolutionGuid = {4A5CDB96-7B1A-4A5D-9B37-0D9AE7662A43}
	EndGlobalSection
EndGlobal
